
Microsoft Visual Studio Solution File, Format Version 12.00
# Visual Studio Version 16
VisualStudioVersion = 16.0.30002.166
MinimumVisualStudioVersion = 10.0.40219.1
Project("{8BC9CEB8-8B4A-11D0-8D11-00A0C91BC942}") = "ch_1_imflip", "ch_1_imflip\ch_1_imflip.vcxproj", "{0257F5E1-D39C-4FC3-89F9-A8F325A457CE}"
EndProject
Global
	GlobalSection(SolutionConfigurationPlatforms) = preSolution
		Debug|x64 = Debug|x64
		Debug|x86 = Debug|x86
		Release|x64 = Release|x64
		Release|x86 = Release|x86
	EndGlobalSection
	GlobalSection(ProjectConfigurationPlatforms) = postSolution
		{0257F5E1-D39C-4FC3-89F9-A8F325A457CE}.Debug|x64.ActiveCfg = Debug|x64
		{0257F5E1-D39C-4FC3-89F9-A8F325A457CE}.Debug|x64.Build.0 = Debug|x64
		{0257F5E1-D39C-4FC3-89F9-A8F325A457CE}.Debug|x86.ActiveCfg = Debug|Win32
		{0257F5E1-D39C-4FC3-89F9-A8F325A457CE}.Debug|x86.Build.0 = Debug|Win32
		{0257F5E1-D39C-4FC3-89F9-A8F325A457CE}.Release|x64.ActiveCfg = Release|x64
		{0257F5E1-D39C-4FC3-89F9-A8F325A457CE}.Release|x64.Build.0 = Release|x64
		{0257F5E1-D39C-4FC3-89F9-A8F325A457CE}.Release|x86.ActiveCfg = Release|Win32
		{0257F5E1-D39C-4FC3-89F9-A8F325A457CE}.Release|x86.Build.0 = Release|Win32
	EndGlobalSection
	GlobalSection(SolutionProperties) = preSolution
		HideSolutionNode = FALSE
	EndGlobalSection
	GlobalSection(ExtensibilityGlobals) = postSolution
		SolutionGuid = {99002CF1-ACB1-47FD-85D0-786C2C4DB39D}
	EndGlobalSection
EndGlobal
